
Microsoft Visual Studio Solution File, Format Version 12.00
# Visual Studio 2012
Project("{00D1A9C2-B5F0-4AF3-8072-F6C62B433612}") = "db_robinfix", "db_robinfix\db_robinfix.sqlproj", "{BBD9513F-6114-46C4-A741-C5108AE69658}"
EndProject
Global
	GlobalSection(SolutionConfigurationPlatforms) = preSolution
		Debug|Any CPU = Debug|Any CPU
		Release|Any CPU = Release|Any CPU
	EndGlobalSection
	GlobalSection(ProjectConfigurationPlatforms) = postSolution
		{BBD9513F-6114-46C4-A741-C5108AE69658}.Debug|Any CPU.ActiveCfg = Debug|Any CPU
		{BBD9513F-6114-46C4-A741-C5108AE69658}.Debug|Any CPU.Build.0 = Debug|Any CPU
		{BBD9513F-6114-46C4-A741-C5108AE69658}.Debug|Any CPU.Deploy.0 = Debug|Any CPU
		{BBD9513F-6114-46C4-A741-C5108AE69658}.Release|Any CPU.ActiveCfg = Release|Any CPU
		{BBD9513F-6114-46C4-A741-C5108AE69658}.Release|Any CPU.Build.0 = Release|Any CPU
		{BBD9513F-6114-46C4-A741-C5108AE69658}.Release|Any CPU.Deploy.0 = Release|Any CPU
	EndGlobalSection
	GlobalSection(SolutionProperties) = preSolution
		HideSolutionNode = FALSE
	EndGlobalSection
EndGlobal
